
Microsoft Visual Studio Solution File, Format Version 12.00
# Visual Studio 15
VisualStudioVersion = 15.0.28010.2036
MinimumVisualStudioVersion = 10.0.40219.1
Project("{FAE04EC0-301F-11D3-BF4B-00C04F79EFBC}") = "StackUnderflow", "StackUnderflow\StackUnderflow.csproj", "{D7ED7572-86D3-4931-9B9E-D35164DB69C3}"
EndProject
Global
	GlobalSection(SolutionConfigurationPlatforms) = preSolution
		Debug|Any CPU = Debug|Any CPU
		Release|Any CPU = Release|Any CPU
	EndGlobalSection
	GlobalSection(ProjectConfigurationPlatforms) = postSolution
		{D7ED7572-86D3-4931-9B9E-D35164DB69C3}.Debug|Any CPU.ActiveCfg = Debug|Any CPU
		{D7ED7572-86D3-4931-9B9E-D35164DB69C3}.Debug|Any CPU.Build.0 = Debug|Any CPU
		{D7ED7572-86D3-4931-9B9E-D35164DB69C3}.Release|Any CPU.ActiveCfg = Release|Any CPU
		{D7ED7572-86D3-4931-9B9E-D35164DB69C3}.Release|Any CPU.Build.0 = Release|Any CPU
	EndGlobalSection
	GlobalSection(SolutionProperties) = preSolution
		HideSolutionNode = FALSE
	EndGlobalSection
	GlobalSection(ExtensibilityGlobals) = postSolution
		SolutionGuid = {5DDBEA50-09FB-47E9-B969-850732D7922D}
	EndGlobalSection
EndGlobal
